
Microsoft Visual Studio Solution File, Format Version 12.00
# Visual Studio Version 16
VisualStudioVersion = 16.0.29728.190
MinimumVisualStudioVersion = 10.0.40219.1
Project("{FAE04EC0-301F-11D3-BF4B-00C04F79EFBC}") = "001Const", "001Const.csproj", "{70DA64FF-437A-4A3C-A568-7297546F236C}"
EndProject
Project("{FAE04EC0-301F-11D3-BF4B-00C04F79EFBC}") = "002Const2", "..\Const2\002Const2.csproj", "{DD785EFD-4900-4829-BEF5-CE4DB572B26F}"
EndProject
Project("{FAE04EC0-301F-11D3-BF4B-00C04F79EFBC}") = "010Literal", "..\Literal\010Literal.csproj", "{2755A763-4D1B-4607-949D-1116A63C8C2D}"
EndProject
Project("{FAE04EC0-301F-11D3-BF4B-00C04F79EFBC}") = "011KeywordLiteral", "..\KeywordLiteral\011KeywordLiteral.csproj", "{A5236C54-A59D-4FF9-8050-83A74483DAB3}"
EndProject
Project("{FAE04EC0-301F-11D3-BF4B-00C04F79EFBC}") = "008Data_Char", "..\Data\008Data_Char.csproj", "{F88F2338-D465-4328-852D-73153C95FE2E}"
EndProject
Project("{FAE04EC0-301F-11D3-BF4B-00C04F79EFBC}") = "003Data_Bool", "..\Data_Bool\003Data_Bool.csproj", "{D7140061-2884-4144-8193-3F93ECF73755}"
EndProject
Project("{FAE04EC0-301F-11D3-BF4B-00C04F79EFBC}") = "007Data_Byte", "..\Data_Byte\007Data_Byte.csproj", "{9495B8AE-FA7D-4ECB-812A-2A2D56C9CFF3}"
EndProject
Project("{FAE04EC0-301F-11D3-BF4B-00C04F79EFBC}") = "005Data_Type1", "..\Data_Type1\005Data_Type1.csproj", "{3F1CC6F5-5C8A-4DA0-AF96-38305909E363}"
EndProject
Project("{FAE04EC0-301F-11D3-BF4B-00C04F79EFBC}") = "006Data_Type2", "..\Data_Type2\006Data_Type2.csproj", "{0CAA39D8-7E90-45E6-A8FE-03992B07D1B2}"
EndProject
Project("{FAE04EC0-301F-11D3-BF4B-00C04F79EFBC}") = "004Data_SizeOf", "..\Data_SizeOf\004Data_SizeOf.csproj", "{03018247-CF09-428A-8B60-B46C143E66ED}"
EndProject
Project("{FAE04EC0-301F-11D3-BF4B-00C04F79EFBC}") = "009DataTypeInfo", "..\DataTypeInfo\009DataTypeInfo.csproj", "{2C47DA9E-F7B8-41C0-86F6-E77B785BC1F5}"
EndProject
Project("{FAE04EC0-301F-11D3-BF4B-00C04F79EFBC}") = "012Operators01", "..\012Operators\012Operators01.csproj", "{BEC0A781-A6E6-4554-BF81-B72B5EEEE003}"
EndProject
Project("{FAE04EC0-301F-11D3-BF4B-00C04F79EFBC}") = "013Operator02", "..\013Operator02\013Operator02.csproj", "{5B6551E2-742A-41A5-936A-0A1049823FFE}"
EndProject
Project("{FAE04EC0-301F-11D3-BF4B-00C04F79EFBC}") = "014Operator03", "..\014Operator03\014Operator03.csproj", "{D9D53AAA-38B0-481C-802F-3F4E191EE7DC}"
EndProject
Project("{FAE04EC0-301F-11D3-BF4B-00C04F79EFBC}") = "015Operator04", "..\015Operator04\015Operator04.csproj", "{13E7EB10-70AF-40A4-A2AE-B4E2754CA630}"
EndProject
Project("{FAE04EC0-301F-11D3-BF4B-00C04F79EFBC}") = "016Operator05", "..\016Operator05\016Operator05.csproj", "{B3330F0C-B20B-42BD-9905-9C7ADA14B305}"
EndProject
Project("{FAE04EC0-301F-11D3-BF4B-00C04F79EFBC}") = "017Operator06", "..\017Operator06\017Operator06.csproj", "{7598E862-516A-4E44-A590-21F69D723FD6}"
EndProject
Project("{FAE04EC0-301F-11D3-BF4B-00C04F79EFBC}") = "018Operator07", "..\018Operator07\018Operator07.csproj", "{EDB310BB-6966-4AC6-B260-5E78BF6AC7B5}"
EndProject
Project("{FAE04EC0-301F-11D3-BF4B-00C04F79EFBC}") = "019TypeConversion", "..\019TypeConversion\019TypeConversion.csproj", "{E34C2EAD-D1F9-4599-80D1-F79F4FCF855C}"
EndProject
Project("{FAE04EC0-301F-11D3-BF4B-00C04F79EFBC}") = "020Convert", "..\020Convert\020Convert.csproj", "{B6B7C574-1AA0-46B4-B74F-4CC3FDA9CD59}"
EndProject
Project("{FAE04EC0-301F-11D3-BF4B-00C04F79EFBC}") = "022If", "..\022If\022If.csproj", "{1E2CC3A3-84D7-44EB-A7E2-04AC6EE996C1}"
EndProject
Project("{FAE04EC0-301F-11D3-BF4B-00C04F79EFBC}") = "023Switch", "..\023Switch\023Switch.csproj", "{702B4B94-9488-4C4C-A893-2C2F8CF1C8C5}"
EndProject
Project("{FAE04EC0-301F-11D3-BF4B-00C04F79EFBC}") = "024Switch02", "..\024Switch02\024Switch02.csproj", "{B4DEC40F-FB91-4FD8-89D5-8575FD24C157}"
EndProject
Project("{FAE04EC0-301F-11D3-BF4B-00C04F79EFBC}") = "025For", "..\025For\025For.csproj", "{0877C965-E328-49EA-952D-C969ED790AA0}"
EndProject
Project("{FAE04EC0-301F-11D3-BF4B-00C04F79EFBC}") = "026ForGugu", "..\026ForGugu\026ForGugu.csproj", "{F339208C-2C79-4792-A235-0ACBC2FC2275}"
EndProject
Project("{FAE04EC0-301F-11D3-BF4B-00C04F79EFBC}") = "027For02", "..\027For02\027For02.csproj", "{160429CC-205E-4B01-A699-C64995E72296}"
EndProject
Project("{FAE04EC0-301F-11D3-BF4B-00C04F79EFBC}") = "028Foreach", "..\028Foreach\028Foreach.csproj", "{DE374070-BA44-46D1-8B9E-1A09CE742FC9}"
EndProject
Project("{FAE04EC0-301F-11D3-BF4B-00C04F79EFBC}") = "029While", "..\029While\029While.csproj", "{27242F46-77A3-42B6-B0E8-75056103A731}"
EndProject
Project("{FAE04EC0-301F-11D3-BF4B-00C04F79EFBC}") = "030DoWhile", "..\030DoWhile\030DoWhile.csproj", "{F29AC417-0E15-44C2-B5A0-7CFAD7C3C313}"
EndProject
Project("{FAE04EC0-301F-11D3-BF4B-00C04F79EFBC}") = "031Break", "..\031Break\031Break.csproj", "{EDC7F998-85EE-4E23-8926-F8759F590A69}"
EndProject
Project("{FAE04EC0-301F-11D3-BF4B-00C04F79EFBC}") = "032Break02", "..\031Break02\032Break02.csproj", "{7AED7748-9372-4262-90AF-ACC8D8113FF9}"
EndProject
Project("{FAE04EC0-301F-11D3-BF4B-00C04F79EFBC}") = "033Continue", "..\033Continue\033Continue.csproj", "{759F9353-A1C4-4EF0-B2D5-ABDAE86F7CF5}"
EndProject
Project("{FAE04EC0-301F-11D3-BF4B-00C04F79EFBC}") = "034Goto", "..\034Goto\034Goto.csproj", "{6F441192-D215-4E60-AA7A-4B979D694CC2}"
EndProject
Global
	GlobalSection(SolutionConfigurationPlatforms) = preSolution
		Debug|Any CPU = Debug|Any CPU
		Release|Any CPU = Release|Any CPU
	EndGlobalSection
	GlobalSection(ProjectConfigurationPlatforms) = postSolution
		{70DA64FF-437A-4A3C-A568-7297546F236C}.Debug|Any CPU.ActiveCfg = Debug|Any CPU
		{70DA64FF-437A-4A3C-A568-7297546F236C}.Debug|Any CPU.Build.0 = Debug|Any CPU
		{70DA64FF-437A-4A3C-A568-7297546F236C}.Release|Any CPU.ActiveCfg = Release|Any CPU
		{70DA64FF-437A-4A3C-A568-7297546F236C}.Release|Any CPU.Build.0 = Release|Any CPU
		{DD785EFD-4900-4829-BEF5-CE4DB572B26F}.Debug|Any CPU.ActiveCfg = Debug|Any CPU
		{DD785EFD-4900-4829-BEF5-CE4DB572B26F}.Debug|Any CPU.Build.0 = Debug|Any CPU
		{DD785EFD-4900-4829-BEF5-CE4DB572B26F}.Release|Any CPU.ActiveCfg = Release|Any CPU
		{DD785EFD-4900-4829-BEF5-CE4DB572B26F}.Release|Any CPU.Build.0 = Release|Any CPU
		{2755A763-4D1B-4607-949D-1116A63C8C2D}.Debug|Any CPU.ActiveCfg = Debug|Any CPU
		{2755A763-4D1B-4607-949D-1116A63C8C2D}.Debug|Any CPU.Build.0 = Debug|Any CPU
		{2755A763-4D1B-4607-949D-1116A63C8C2D}.Release|Any CPU.ActiveCfg = Release|Any CPU
		{2755A763-4D1B-4607-949D-1116A63C8C2D}.Release|Any CPU.Build.0 = Release|Any CPU
		{A5236C54-A59D-4FF9-8050-83A74483DAB3}.Debug|Any CPU.ActiveCfg = Debug|Any CPU
		{A5236C54-A59D-4FF9-8050-83A74483DAB3}.Debug|Any CPU.Build.0 = Debug|Any CPU
		{A5236C54-A59D-4FF9-8050-83A74483DAB3}.Release|Any CPU.ActiveCfg = Release|Any CPU
		{A5236C54-A59D-4FF9-8050-83A74483DAB3}.Release|Any CPU.Build.0 = Release|Any CPU
		{F88F2338-D465-4328-852D-73153C95FE2E}.Debug|Any CPU.ActiveCfg = Debug|Any CPU
		{F88F2338-D465-4328-852D-73153C95FE2E}.Debug|Any CPU.Build.0 = Debug|Any CPU
		{F88F2338-D465-4328-852D-73153C95FE2E}.Release|Any CPU.ActiveCfg = Release|Any CPU
		{F88F2338-D465-4328-852D-73153C95FE2E}.Release|Any CPU.Build.0 = Release|Any CPU
		{D7140061-2884-4144-8193-3F93ECF73755}.Debug|Any CPU.ActiveCfg = Debug|Any CPU
		{D7140061-2884-4144-8193-3F93ECF73755}.Debug|Any CPU.Build.0 = Debug|Any CPU
		{D7140061-2884-4144-8193-3F93ECF73755}.Release|Any CPU.ActiveCfg = Release|Any CPU
		{D7140061-2884-4144-8193-3F93ECF73755}.Release|Any CPU.Build.0 = Release|Any CPU
		{9495B8AE-FA7D-4ECB-812A-2A2D56C9CFF3}.Debug|Any CPU.ActiveCfg = Debug|Any CPU
		{9495B8AE-FA7D-4ECB-812A-2A2D56C9CFF3}.Debug|Any CPU.Build.0 = Debug|Any CPU
		{9495B8AE-FA7D-4ECB-812A-2A2D56C9CFF3}.Release|Any CPU.ActiveCfg = Release|Any CPU
		{9495B8AE-FA7D-4ECB-812A-2A2D56C9CFF3}.Release|Any CPU.Build.0 = Release|Any CPU
		{3F1CC6F5-5C8A-4DA0-AF96-38305909E363}.Debug|Any CPU.ActiveCfg = Debug|Any CPU
		{3F1CC6F5-5C8A-4DA0-AF96-38305909E363}.Debug|Any CPU.Build.0 = Debug|Any CPU
		{3F1CC6F5-5C8A-4DA0-AF96-38305909E363}.Release|Any CPU.ActiveCfg = Release|Any CPU
		{3F1CC6F5-5C8A-4DA0-AF96-38305909E363}.Release|Any CPU.Build.0 = Release|Any CPU
		{0CAA39D8-7E90-45E6-A8FE-03992B07D1B2}.Debug|Any CPU.ActiveCfg = Debug|Any CPU
		{0CAA39D8-7E90-45E6-A8FE-03992B07D1B2}.Debug|Any CPU.Build.0 = Debug|Any CPU
		{0CAA39D8-7E90-45E6-A8FE-03992B07D1B2}.Release|Any CPU.ActiveCfg = Release|Any CPU
		{0CAA39D8-7E90-45E6-A8FE-03992B07D1B2}.Release|Any CPU.Build.0 = Release|Any CPU
		{03018247-CF09-428A-8B60-B46C143E66ED}.Debug|Any CPU.ActiveCfg = Debug|Any CPU
		{03018247-CF09-428A-8B60-B46C143E66ED}.Debug|Any CPU.Build.0 = Debug|Any CPU
		{03018247-CF09-428A-8B60-B46C143E66ED}.Release|Any CPU.ActiveCfg = Release|Any CPU
		{03018247-CF09-428A-8B60-B46C143E66ED}.Release|Any CPU.Build.0 = Release|Any CPU
		{2C47DA9E-F7B8-41C0-86F6-E77B785BC1F5}.Debug|Any CPU.ActiveCfg = Debug|Any CPU
		{2C47DA9E-F7B8-41C0-86F6-E77B785BC1F5}.Debug|Any CPU.Build.0 = Debug|Any CPU
		{2C47DA9E-F7B8-41C0-86F6-E77B785BC1F5}.Release|Any CPU.ActiveCfg = Release|Any CPU
		{2C47DA9E-F7B8-41C0-86F6-E77B785BC1F5}.Release|Any CPU.Build.0 = Release|Any CPU
		{BEC0A781-A6E6-4554-BF81-B72B5EEEE003}.Debug|Any CPU.ActiveCfg = Debug|Any CPU
		{BEC0A781-A6E6-4554-BF81-B72B5EEEE003}.Debug|Any CPU.Build.0 = Debug|Any CPU
		{BEC0A781-A6E6-4554-BF81-B72B5EEEE003}.Release|Any CPU.ActiveCfg = Release|Any CPU
		{BEC0A781-A6E6-4554-BF81-B72B5EEEE003}.Release|Any CPU.Build.0 = Release|Any CPU
		{5B6551E2-742A-41A5-936A-0A1049823FFE}.Debug|Any CPU.ActiveCfg = Debug|Any CPU
		{5B6551E2-742A-41A5-936A-0A1049823FFE}.Debug|Any CPU.Build.0 = Debug|Any CPU
		{5B6551E2-742A-41A5-936A-0A1049823FFE}.Release|Any CPU.ActiveCfg = Release|Any CPU
		{5B6551E2-742A-41A5-936A-0A1049823FFE}.Release|Any CPU.Build.0 = Release|Any CPU
		{D9D53AAA-38B0-481C-802F-3F4E191EE7DC}.Debug|Any CPU.ActiveCfg = Debug|Any CPU
		{D9D53AAA-38B0-481C-802F-3F4E191EE7DC}.Debug|Any CPU.Build.0 = Debug|Any CPU
		{D9D53AAA-38B0-481C-802F-3F4E191EE7DC}.Release|Any CPU.ActiveCfg = Release|Any CPU
		{D9D53AAA-38B0-481C-802F-3F4E191EE7DC}.Release|Any CPU.Build.0 = Release|Any CPU
		{13E7EB10-70AF-40A4-A2AE-B4E2754CA630}.Debug|Any CPU.ActiveCfg = Debug|Any CPU
		{13E7EB10-70AF-40A4-A2AE-B4E2754CA630}.Debug|Any CPU.Build.0 = Debug|Any CPU
		{13E7EB10-70AF-40A4-A2AE-B4E2754CA630}.Release|Any CPU.ActiveCfg = Release|Any CPU
		{13E7EB10-70AF-40A4-A2AE-B4E2754CA630}.Release|Any CPU.Build.0 = Release|Any CPU
		{B3330F0C-B20B-42BD-9905-9C7ADA14B305}.Debug|Any CPU.ActiveCfg = Debug|Any CPU
		{B3330F0C-B20B-42BD-9905-9C7ADA14B305}.Debug|Any CPU.Build.0 = Debug|Any CPU
		{B3330F0C-B20B-42BD-9905-9C7ADA14B305}.Release|Any CPU.ActiveCfg = Release|Any CPU
		{B3330F0C-B20B-42BD-9905-9C7ADA14B305}.Release|Any CPU.Build.0 = Release|Any CPU
		{7598E862-516A-4E44-A590-21F69D723FD6}.Debug|Any CPU.ActiveCfg = Debug|Any CPU
		{7598E862-516A-4E44-A590-21F69D723FD6}.Debug|Any CPU.Build.0 = Debug|Any CPU
		{7598E862-516A-4E44-A590-21F69D723FD6}.Release|Any CPU.ActiveCfg = Release|Any CPU
		{7598E862-516A-4E44-A590-21F69D723FD6}.Release|Any CPU.Build.0 = Release|Any CPU
		{EDB310BB-6966-4AC6-B260-5E78BF6AC7B5}.Debug|Any CPU.ActiveCfg = Debug|Any CPU
		{EDB310BB-6966-4AC6-B260-5E78BF6AC7B5}.Debug|Any CPU.Build.0 = Debug|Any CPU
		{EDB310BB-6966-4AC6-B260-5E78BF6AC7B5}.Release|Any CPU.ActiveCfg = Release|Any CPU
		{EDB310BB-6966-4AC6-B260-5E78BF6AC7B5}.Release|Any CPU.Build.0 = Release|Any CPU
		{E34C2EAD-D1F9-4599-80D1-F79F4FCF855C}.Debug|Any CPU.ActiveCfg = Debug|Any CPU
		{E34C2EAD-D1F9-4599-80D1-F79F4FCF855C}.Debug|Any CPU.Build.0 = Debug|Any CPU
		{E34C2EAD-D1F9-4599-80D1-F79F4FCF855C}.Release|Any CPU.ActiveCfg = Release|Any CPU
		{E34C2EAD-D1F9-4599-80D1-F79F4FCF855C}.Release|Any CPU.Build.0 = Release|Any CPU
		{B6B7C574-1AA0-46B4-B74F-4CC3FDA9CD59}.Debug|Any CPU.ActiveCfg = Debug|Any CPU
		{B6B7C574-1AA0-46B4-B74F-4CC3FDA9CD59}.Debug|Any CPU.Build.0 = Debug|Any CPU
		{B6B7C574-1AA0-46B4-B74F-4CC3FDA9CD59}.Release|Any CPU.ActiveCfg = Release|Any CPU
		{B6B7C574-1AA0-46B4-B74F-4CC3FDA9CD59}.Release|Any CPU.Build.0 = Release|Any CPU
		{1E2CC3A3-84D7-44EB-A7E2-04AC6EE996C1}.Debug|Any CPU.ActiveCfg = Debug|Any CPU
		{1E2CC3A3-84D7-44EB-A7E2-04AC6EE996C1}.Debug|Any CPU.Build.0 = Debug|Any CPU
		{1E2CC3A3-84D7-44EB-A7E2-04AC6EE996C1}.Release|Any CPU.ActiveCfg = Release|Any CPU
		{1E2CC3A3-84D7-44EB-A7E2-04AC6EE996C1}.Release|Any CPU.Build.0 = Release|Any CPU
		{702B4B94-9488-4C4C-A893-2C2F8CF1C8C5}.Debug|Any CPU.ActiveCfg = Debug|Any CPU
		{702B4B94-9488-4C4C-A893-2C2F8CF1C8C5}.Debug|Any CPU.Build.0 = Debug|Any CPU
		{702B4B94-9488-4C4C-A893-2C2F8CF1C8C5}.Release|Any CPU.ActiveCfg = Release|Any CPU
		{702B4B94-9488-4C4C-A893-2C2F8CF1C8C5}.Release|Any CPU.Build.0 = Release|Any CPU
		{B4DEC40F-FB91-4FD8-89D5-8575FD24C157}.Debug|Any CPU.ActiveCfg = Debug|Any CPU
		{B4DEC40F-FB91-4FD8-89D5-8575FD24C157}.Debug|Any CPU.Build.0 = Debug|Any CPU
		{B4DEC40F-FB91-4FD8-89D5-8575FD24C157}.Release|Any CPU.ActiveCfg = Release|Any CPU
		{B4DEC40F-FB91-4FD8-89D5-8575FD24C157}.Release|Any CPU.Build.0 = Release|Any CPU
		{0877C965-E328-49EA-952D-C969ED790AA0}.Debug|Any CPU.ActiveCfg = Debug|Any CPU
		{0877C965-E328-49EA-952D-C969ED790AA0}.Debug|Any CPU.Build.0 = Debug|Any CPU
		{0877C965-E328-49EA-952D-C969ED790AA0}.Release|Any CPU.ActiveCfg = Release|Any CPU
		{0877C965-E328-49EA-952D-C969ED790AA0}.Release|Any CPU.Build.0 = Release|Any CPU
		{F339208C-2C79-4792-A235-0ACBC2FC2275}.Debug|Any CPU.ActiveCfg = Debug|Any CPU
		{F339208C-2C79-4792-A235-0ACBC2FC2275}.Debug|Any CPU.Build.0 = Debug|Any CPU
		{F339208C-2C79-4792-A235-0ACBC2FC2275}.Release|Any CPU.ActiveCfg = Release|Any CPU
		{F339208C-2C79-4792-A235-0ACBC2FC2275}.Release|Any CPU.Build.0 = Release|Any CPU
		{160429CC-205E-4B01-A699-C64995E72296}.Debug|Any CPU.ActiveCfg = Debug|Any CPU
		{160429CC-205E-4B01-A699-C64995E72296}.Debug|Any CPU.Build.0 = Debug|Any CPU
		{160429CC-205E-4B01-A699-C64995E72296}.Release|Any CPU.ActiveCfg = Release|Any CPU
		{160429CC-205E-4B01-A699-C64995E72296}.Release|Any CPU.Build.0 = Release|Any CPU
		{DE374070-BA44-46D1-8B9E-1A09CE742FC9}.Debug|Any CPU.ActiveCfg = Debug|Any CPU
		{DE374070-BA44-46D1-8B9E-1A09CE742FC9}.Debug|Any CPU.Build.0 = Debug|Any CPU
		{DE374070-BA44-46D1-8B9E-1A09CE742FC9}.Release|Any CPU.ActiveCfg = Release|Any CPU
		{DE374070-BA44-46D1-8B9E-1A09CE742FC9}.Release|Any CPU.Build.0 = Release|Any CPU
		{27242F46-77A3-42B6-B0E8-75056103A731}.Debug|Any CPU.ActiveCfg = Debug|Any CPU
		{27242F46-77A3-42B6-B0E8-75056103A731}.Debug|Any CPU.Build.0 = Debug|Any CPU
		{27242F46-77A3-42B6-B0E8-75056103A731}.Release|Any CPU.ActiveCfg = Release|Any CPU
		{27242F46-77A3-42B6-B0E8-75056103A731}.Release|Any CPU.Build.0 = Release|Any CPU
		{F29AC417-0E15-44C2-B5A0-7CFAD7C3C313}.Debug|Any CPU.ActiveCfg = Debug|Any CPU
		{F29AC417-0E15-44C2-B5A0-7CFAD7C3C313}.Debug|Any CPU.Build.0 = Debug|Any CPU
		{F29AC417-0E15-44C2-B5A0-7CFAD7C3C313}.Release|Any CPU.ActiveCfg = Release|Any CPU
		{F29AC417-0E15-44C2-B5A0-7CFAD7C3C313}.Release|Any CPU.Build.0 = Release|Any CPU
		{EDC7F998-85EE-4E23-8926-F8759F590A69}.Debug|Any CPU.ActiveCfg = Debug|Any CPU
		{EDC7F998-85EE-4E23-8926-F8759F590A69}.Debug|Any CPU.Build.0 = Debug|Any CPU
		{EDC7F998-85EE-4E23-8926-F8759F590A69}.Release|Any CPU.ActiveCfg = Release|Any CPU
		{EDC7F998-85EE-4E23-8926-F8759F590A69}.Release|Any CPU.Build.0 = Release|Any CPU
		{7AED7748-9372-4262-90AF-ACC8D8113FF9}.Debug|Any CPU.ActiveCfg = Debug|Any CPU
		{7AED7748-9372-4262-90AF-ACC8D8113FF9}.Debug|Any CPU.Build.0 = Debug|Any CPU
		{7AED7748-9372-4262-90AF-ACC8D8113FF9}.Release|Any CPU.ActiveCfg = Release|Any CPU
		{7AED7748-9372-4262-90AF-ACC8D8113FF9}.Release|Any CPU.Build.0 = Release|Any CPU
		{759F9353-A1C4-4EF0-B2D5-ABDAE86F7CF5}.Debug|Any CPU.ActiveCfg = Debug|Any CPU
		{759F9353-A1C4-4EF0-B2D5-ABDAE86F7CF5}.Debug|Any CPU.Build.0 = Debug|Any CPU
		{759F9353-A1C4-4EF0-B2D5-ABDAE86F7CF5}.Release|Any CPU.ActiveCfg = Release|Any CPU
		{759F9353-A1C4-4EF0-B2D5-ABDAE86F7CF5}.Release|Any CPU.Build.0 = Release|Any CPU
		{6F441192-D215-4E60-AA7A-4B979D694CC2}.Debug|Any CPU.ActiveCfg = Debug|Any CPU
		{6F441192-D215-4E60-AA7A-4B979D694CC2}.Debug|Any CPU.Build.0 = Debug|Any CPU
		{6F441192-D215-4E60-AA7A-4B979D694CC2}.Release|Any CPU.ActiveCfg = Release|Any CPU
		{6F441192-D215-4E60-AA7A-4B979D694CC2}.Release|Any CPU.Build.0 = Release|Any CPU
	EndGlobalSection
	GlobalSection(SolutionProperties) = preSolution
		HideSolutionNode = FALSE
	EndGlobalSection
	GlobalSection(ExtensibilityGlobals) = postSolution
		SolutionGuid = {FFBC5BD2-DA10-4DC4-B5B7-D7D4353C05F7}
	EndGlobalSection
EndGlobal
