
Microsoft Visual Studio Solution File, Format Version 12.00
# Visual Studio Version 16
VisualStudioVersion = 16.0.29728.190
MinimumVisualStudioVersion = 10.0.40219.1
Project("{FAE04EC0-301F-11D3-BF4B-00C04F79EFBC}") = "002Equal", "002Equal.csproj", "{F7B729C9-0BFC-42F2-9DF7-16563FA5B4D4}"
EndProject
Global
	GlobalSection(SolutionConfigurationPlatforms) = preSolution
		Debug|Any CPU = Debug|Any CPU
		Release|Any CPU = Release|Any CPU
	EndGlobalSection
	GlobalSection(ProjectConfigurationPlatforms) = postSolution
		{F7B729C9-0BFC-42F2-9DF7-16563FA5B4D4}.Debug|Any CPU.ActiveCfg = Debug|Any CPU
		{F7B729C9-0BFC-42F2-9DF7-16563FA5B4D4}.Debug|Any CPU.Build.0 = Debug|Any CPU
		{F7B729C9-0BFC-42F2-9DF7-16563FA5B4D4}.Release|Any CPU.ActiveCfg = Release|Any CPU
		{F7B729C9-0BFC-42F2-9DF7-16563FA5B4D4}.Release|Any CPU.Build.0 = Release|Any CPU
	EndGlobalSection
	GlobalSection(SolutionProperties) = preSolution
		HideSolutionNode = FALSE
	EndGlobalSection
	GlobalSection(ExtensibilityGlobals) = postSolution
		SolutionGuid = {D5227FC2-F73B-4E15-9489-6FC9D54DCB85}
	EndGlobalSection
EndGlobal
